
Microsoft Visual Studio Solution File, Format Version 12.00
# Visual Studio Version 16
VisualStudioVersion = 16.0.31410.357
MinimumVisualStudioVersion = 10.0.40219.1
Project("{8BC9CEB8-8B4A-11D0-8D11-00A0C91BC942}") = "serUpdate", "serUpdate\serUpdate.vcxproj", "{942ED3F1-90A7-4DB4-9A02-EC18051CA5CD}"
EndProject
Global
	GlobalSection(SolutionConfigurationPlatforms) = preSolution
		Debug|x86 = Debug|x86
		Release|x86 = Release|x86
	EndGlobalSection
	GlobalSection(ProjectConfigurationPlatforms) = postSolution
		{942ED3F1-90A7-4DB4-9A02-EC18051CA5CD}.Debug|x86.ActiveCfg = Debug|Win32
		{942ED3F1-90A7-4DB4-9A02-EC18051CA5CD}.Debug|x86.Build.0 = Debug|Win32
		{942ED3F1-90A7-4DB4-9A02-EC18051CA5CD}.Release|x86.ActiveCfg = Release|Win32
		{942ED3F1-90A7-4DB4-9A02-EC18051CA5CD}.Release|x86.Build.0 = Release|Win32
	EndGlobalSection
	GlobalSection(SolutionProperties) = preSolution
		HideSolutionNode = FALSE
	EndGlobalSection
	GlobalSection(ExtensibilityGlobals) = postSolution
		SolutionGuid = {AA2D09BD-AF58-40D8-AA5E-BD060078BFB0}
	EndGlobalSection
EndGlobal
